# This file is automatically @generated by Poetry 1.7.0 and should not be changed by hand.

[[package]]
name = "pybind11"
version = "2.11.1"
description = "Seamless operability between C++11 and Python"
optional = false
python-versions = ">=3.6"
files = [
    {file = "pybind11-2.11.1-py3-none-any.whl", hash = "sha256:33cdd02a6453380dd71cc70357ce388ad1ee8d32bd0e38fc22b273d050aa29b3"},
    {file = "pybind11-2.11.1.tar.gz", hash = "sha256:00cd59116a6e8155aecd9174f37ba299d1d397ed4a6b86ac1dfe01b3e40f2cc4"},
]

[package.extras]
global = ["pybind11-global (==2.11.1)"]

[metadata]
lock-version = "2.0"
python-versions = "^3.10"
content-hash = "a4ce0c8b1e9eee735fc4b6e36ae83c255e0b4aa758ac9a4e70f3f97b5571dba9"
